<?xml version="1.0" encoding="ISO-8859-1"?>

<ALERT_FILTERS>
  <!--
   #
   #@(#)./conf/alert.filters
   #
   # This file was generated by AdventNet NetAlerts.
   #

   #Tue Sep 19 12:39:42 GMT+05:30 2000


-->
  <FILTER
     enable="true"
     name="CustomViewFilter">
    <FILTER_ACTION
       className="com.adventnet.nms.eventdb.UserFilter"
       userclass="com.adventnet.nms.eventdb.tl1.TL1EventFilter4CustomView"
       name="AlertFilter_4_TL1CustomView" />
  </FILTER>
</ALERT_FILTERS>

